
Microsoft Visual Studio Solution File, Format Version 12.00
# Visual Studio 15
VisualStudioVersion = 15.0.28307.168
MinimumVisualStudioVersion = 10.0.40219.1
Project("{FAE04EC0-301F-11D3-BF4B-00C04F79EFBC}") = "czz_client", "czz_client\czz_client.csproj", "{B47B53DC-35AD-4286-919A-9A5E0E643427}"
EndProject
Global
	GlobalSection(SolutionConfigurationPlatforms) = preSolution
		Debug|Any CPU = Debug|Any CPU
		Release|Any CPU = Release|Any CPU
	EndGlobalSection
	GlobalSection(ProjectConfigurationPlatforms) = postSolution
		{B47B53DC-35AD-4286-919A-9A5E0E643427}.Debug|Any CPU.ActiveCfg = Debug|Any CPU
		{B47B53DC-35AD-4286-919A-9A5E0E643427}.Debug|Any CPU.Build.0 = Debug|Any CPU
		{B47B53DC-35AD-4286-919A-9A5E0E643427}.Release|Any CPU.ActiveCfg = Release|Any CPU
		{B47B53DC-35AD-4286-919A-9A5E0E643427}.Release|Any CPU.Build.0 = Release|Any CPU
	EndGlobalSection
	GlobalSection(SolutionProperties) = preSolution
		HideSolutionNode = FALSE
	EndGlobalSection
	GlobalSection(ExtensibilityGlobals) = postSolution
		SolutionGuid = {554E65DE-A59A-4193-BDC8-121F0D2B9B46}
	EndGlobalSection
EndGlobal
